
Microsoft Visual Studio Solution File, Format Version 12.00
# Visual Studio Version 17
VisualStudioVersion = 17.9.34607.119
MinimumVisualStudioVersion = 10.0.40219.1
Project("{FAE04EC0-301F-11D3-BF4B-00C04F79EFBC}") = "Filimonova_WPF", "Filimonova_WPF\Filimonova_WPF.csproj", "{F4C5A540-AE1F-4CF0-876C-2C96D8F80D28}"
EndProject
Global
	GlobalSection(SolutionConfigurationPlatforms) = preSolution
		Debug|Any CPU = Debug|Any CPU
		Release|Any CPU = Release|Any CPU
	EndGlobalSection
	GlobalSection(ProjectConfigurationPlatforms) = postSolution
		{F4C5A540-AE1F-4CF0-876C-2C96D8F80D28}.Debug|Any CPU.ActiveCfg = Debug|Any CPU
		{F4C5A540-AE1F-4CF0-876C-2C96D8F80D28}.Debug|Any CPU.Build.0 = Debug|Any CPU
		{F4C5A540-AE1F-4CF0-876C-2C96D8F80D28}.Release|Any CPU.ActiveCfg = Release|Any CPU
		{F4C5A540-AE1F-4CF0-876C-2C96D8F80D28}.Release|Any CPU.Build.0 = Release|Any CPU
	EndGlobalSection
	GlobalSection(SolutionProperties) = preSolution
		HideSolutionNode = FALSE
	EndGlobalSection
	GlobalSection(ExtensibilityGlobals) = postSolution
		SolutionGuid = {C342816B-D60E-419A-9473-B20B7A9868D8}
	EndGlobalSection
EndGlobal
